
Microsoft Visual Studio Solution File, Format Version 12.00
# Visual Studio Version 17
VisualStudioVersion = 17.8.34330.188
MinimumVisualStudioVersion = 10.0.40219.1
Project("{FAE04EC0-301F-11D3-BF4B-00C04F79EFBC}") = "WebAuthnRegistration-ASP.NET", "WebAuthnRegistration-ASP.NET\WebAuthnRegistration-ASP.NET.csproj", "{4F5505FC-3E61-426D-A2CB-E700A7E66699}"
EndProject
Global
	GlobalSection(SolutionConfigurationPlatforms) = preSolution
		Debug|Any CPU = Debug|Any CPU
		Release|Any CPU = Release|Any CPU
	EndGlobalSection
	GlobalSection(ProjectConfigurationPlatforms) = postSolution
		{4F5505FC-3E61-426D-A2CB-E700A7E66699}.Debug|Any CPU.ActiveCfg = Debug|Any CPU
		{4F5505FC-3E61-426D-A2CB-E700A7E66699}.Debug|Any CPU.Build.0 = Debug|Any CPU
		{4F5505FC-3E61-426D-A2CB-E700A7E66699}.Release|Any CPU.ActiveCfg = Release|Any CPU
		{4F5505FC-3E61-426D-A2CB-E700A7E66699}.Release|Any CPU.Build.0 = Release|Any CPU
	EndGlobalSection
	GlobalSection(SolutionProperties) = preSolution
		HideSolutionNode = FALSE
	EndGlobalSection
	GlobalSection(ExtensibilityGlobals) = postSolution
		SolutionGuid = {049A1176-93FD-48D0-BA25-E42EFC8BDC25}
	EndGlobalSection
EndGlobal
